
Microsoft Visual Studio Solution File, Format Version 12.00
# Visual Studio Version 17
VisualStudioVersion = 17.9.34622.214
MinimumVisualStudioVersion = 10.0.40219.1
Project("{9A19103F-16F7-4668-BE54-9A1E7A4F7556}") = "Core", "Core\Core.csproj", "{99CABEF7-0168-4041-9782-A2DF08BAE80B}"
EndProject
Project("{9A19103F-16F7-4668-BE54-9A1E7A4F7556}") = "Infrastructure", "Repositry\Infrastructure.csproj", "{578B5EDE-ABF5-422C-9807-9076316F0845}"
EndProject
Project("{9A19103F-16F7-4668-BE54-9A1E7A4F7556}") = "Application", "Service\Application.csproj", "{8692981A-B339-43BD-9865-30B52D7A0FAC}"
EndProject
Project("{9A19103F-16F7-4668-BE54-9A1E7A4F7556}") = "Web Api", "Web Api\Web Api.csproj", "{EE53FC57-EAFF-45BA-B30F-5C713312F8D9}"
EndProject
Project("{9A19103F-16F7-4668-BE54-9A1E7A4F7556}") = "UnitTesting", "UniversityTestAPI\UnitTesting.csproj", "{02BFF277-943F-41E7-B53B-7B106F0F42F6}"
EndProject
Project("{9A19103F-16F7-4668-BE54-9A1E7A4F7556}") = "IntegrationTesting", "UniIntegrationTesting\IntegrationTesting.csproj", "{CFD893C1-E193-4FD0-ACA8-57A53C0A1857}"
EndProject
Global
	GlobalSection(SolutionConfigurationPlatforms) = preSolution
		Debug|Any CPU = Debug|Any CPU
		Release|Any CPU = Release|Any CPU
	EndGlobalSection
	GlobalSection(ProjectConfigurationPlatforms) = postSolution
		{99CABEF7-0168-4041-9782-A2DF08BAE80B}.Debug|Any CPU.ActiveCfg = Debug|Any CPU
		{99CABEF7-0168-4041-9782-A2DF08BAE80B}.Debug|Any CPU.Build.0 = Debug|Any CPU
		{99CABEF7-0168-4041-9782-A2DF08BAE80B}.Release|Any CPU.ActiveCfg = Release|Any CPU
		{99CABEF7-0168-4041-9782-A2DF08BAE80B}.Release|Any CPU.Build.0 = Release|Any CPU
		{578B5EDE-ABF5-422C-9807-9076316F0845}.Debug|Any CPU.ActiveCfg = Debug|Any CPU
		{578B5EDE-ABF5-422C-9807-9076316F0845}.Debug|Any CPU.Build.0 = Debug|Any CPU
		{578B5EDE-ABF5-422C-9807-9076316F0845}.Release|Any CPU.ActiveCfg = Release|Any CPU
		{578B5EDE-ABF5-422C-9807-9076316F0845}.Release|Any CPU.Build.0 = Release|Any CPU
		{8692981A-B339-43BD-9865-30B52D7A0FAC}.Debug|Any CPU.ActiveCfg = Debug|Any CPU
		{8692981A-B339-43BD-9865-30B52D7A0FAC}.Debug|Any CPU.Build.0 = Debug|Any CPU
		{8692981A-B339-43BD-9865-30B52D7A0FAC}.Release|Any CPU.ActiveCfg = Release|Any CPU
		{8692981A-B339-43BD-9865-30B52D7A0FAC}.Release|Any CPU.Build.0 = Release|Any CPU
		{EE53FC57-EAFF-45BA-B30F-5C713312F8D9}.Debug|Any CPU.ActiveCfg = Debug|Any CPU
		{EE53FC57-EAFF-45BA-B30F-5C713312F8D9}.Debug|Any CPU.Build.0 = Debug|Any CPU
		{EE53FC57-EAFF-45BA-B30F-5C713312F8D9}.Release|Any CPU.ActiveCfg = Release|Any CPU
		{EE53FC57-EAFF-45BA-B30F-5C713312F8D9}.Release|Any CPU.Build.0 = Release|Any CPU
		{02BFF277-943F-41E7-B53B-7B106F0F42F6}.Debug|Any CPU.ActiveCfg = Debug|Any CPU
		{02BFF277-943F-41E7-B53B-7B106F0F42F6}.Debug|Any CPU.Build.0 = Debug|Any CPU
		{02BFF277-943F-41E7-B53B-7B106F0F42F6}.Release|Any CPU.ActiveCfg = Release|Any CPU
		{02BFF277-943F-41E7-B53B-7B106F0F42F6}.Release|Any CPU.Build.0 = Release|Any CPU
		{CFD893C1-E193-4FD0-ACA8-57A53C0A1857}.Debug|Any CPU.ActiveCfg = Debug|Any CPU
		{CFD893C1-E193-4FD0-ACA8-57A53C0A1857}.Debug|Any CPU.Build.0 = Debug|Any CPU
		{CFD893C1-E193-4FD0-ACA8-57A53C0A1857}.Release|Any CPU.ActiveCfg = Release|Any CPU
		{CFD893C1-E193-4FD0-ACA8-57A53C0A1857}.Release|Any CPU.Build.0 = Release|Any CPU
	EndGlobalSection
	GlobalSection(SolutionProperties) = preSolution
		HideSolutionNode = FALSE
	EndGlobalSection
	GlobalSection(ExtensibilityGlobals) = postSolution
		SolutionGuid = {7212FBDE-2D3D-4CD4-B258-FAEBA90D0647}
	EndGlobalSection
EndGlobal
